// !$*UTF8*$!
{
	archiveVersion = 1;
	classes = {
	};
	objectVersion = 46;
	objects = {

/* Begin PBXBuildFile section */
		B490AD521EE784F00016EBD4 /* AppDelegate.swift in Sources */ = {isa = PBXBuildFile; fileRef = B490AD511EE784F00016EBD4 /* AppDelegate.swift */; };
		B490AD541EE784F00016EBD4 /* ViewController.swift in Sources */ = {isa = PBXBuildFile; fileRef = B490AD531EE784F00016EBD4 /* ViewController.swift */; };
		B490AD571EE784F00016EBD4 /* Main.storyboard in Resources */ = {isa = PBXBuildFile; fileRef = B490AD551EE784F00016EBD4 /* Main.storyboard */; };
		B490AD591EE784F00016EBD4 /* Assets.xcassets in Resources */ = {isa = PBXBuildFile; fileRef = B490AD581EE784F00016EBD4 /* Assets.xcassets */; };
		B490AD5C1EE784F00016EBD4 /* LaunchScreen.storyboard in Resources */ = {isa = PBXBuildFile; fileRef = B490AD5A1EE784F00016EBD4 /* LaunchScreen.storyboard */; };
/* End PBXBuildFile section */

/* Begin PBXFileReference section */
		B490AD4E1EE784F00016EBD4 /* ToDoooo.app */ = {isa = PBXFileReference; explicitFileType = wrapper.application; includeInIndex = 0; path = ToDoooo.app; sourceTree = BUILT_PRODUCTS_DIR; };
		B490AD511EE784F00016EBD4 /* AppDelegate.swift */ = {isa = PBXFileReference; lastKnownFileType = sourcecode.swift; path = AppDelegate.swift; sourceTree = "<group>"; };
		B490AD531EE784F00016EBD4 /* ViewController.swift */ = {isa = PBXFileReference; lastKnownFileType = sourcecode.swift; path = ViewController.swift; sourceTree = "<group>"; };
		B490AD561EE784F00016EBD4 /* Base */ = {isa = PBXFileReference; lastKnownFileType = file.storyboard; name = Base; path = Base.lproj/Main.storyboard; sourceTree = "<group>"; };
		B490AD581EE784F00016EBD4 /* Assets.xcassets */ = {isa = PBXFileReference; lastKnownFileType = folder.assetcatalog; path = Assets.xcassets; sourceTree = "<group>"; };
		B490AD5B1EE784F00016EBD4 /* Base */ = {isa = PBXFileReference; lastKnownFileType = file.storyboard; name = Base; path = Base.lproj/LaunchScreen.storyboard; sourceTree = "<group>"; };
		B490AD5D1EE784F00016EBD4 /* Info.plist */ = {isa = PBXFileReference; lastKnownFileType = text.plist.xml; path = Info.plist; sourceTree = "<group>"; };
/* End PBXFileReference section */

/* Begin PBXFrameworksBuildPhase section */
		B490AD4B1EE784F00016EBD4 /* Frameworks */ = {
			isa = PBXFrameworksBuildPhase;
			buildActionMask = 2147483647;
			files = (
			);
			runOnlyForDeploymentPostprocessing = 0;
		};
/* End PBXFrameworksBuildPhase section */

/* Begin PBXGroup section */
		B490AD451EE784F00016EBD4 = {
			isa = PBXGroup;
			children = (
				B490AD501EE784F00016EBD4 /* ToDoooo */,
				B490AD4F1EE784F00016EBD4 /* Products */,
			);
			sourceTree = "<group>";
		};
		B490AD4F1EE784F00016EBD4 /* Products */ = {
			isa = PBXGroup;
			children = (
				B490AD4E1EE784F00016EBD4 /* ToDoooo.app */,
			);
			name = Products;
			sourceTree = "<group>";
		};
		B490AD501EE784F00016EBD4 /* ToDoooo */ = {
			isa = PBXGroup;
			children = (
				B490AD511EE784F00016EBD4 /* AppDelegate.swift */,
				B490AD531EE784F00016EBD4 /* ViewController.swift */,
				B490AD551EE784F00016EBD4 /* Main.storyboard */,
				B490AD581EE784F00016EBD4 /* Assets.xcassets */,
				B490AD5A1EE784F00016EBD4 /* LaunchScreen.storyboard */,
				B490AD5D1EE784F00016EBD4 /* Info.plist */,
			);
			path = ToDoooo;
			sourceTree = "<group>";
		};
/* End PBXGroup section */

/* Begin PBXNativeTarget section */
		B490AD4D1EE784F00016EBD4 /* ToDoooo */ = {
			isa = PBXNativeTarget;
			buildConfigurationList = B490AD601EE784F00016EBD4 /* Build configuration list for PBXNativeTarget "ToDoooo" */;
			buildPhases = (
				B490AD4A1EE784F00016EBD4 /* Sources */,
				B490AD4B1EE784F00016EBD4 /* Frameworks */,
				B490AD4C1EE784F00016EBD4 /* Resources */,
			);
			buildRules = (
			);
			dependencies = (
			);
			name = ToDoooo;
			productName = ToDoooo;
			productReference = B490AD4E1EE784F00016EBD4 /* ToDoooo.app */;
			productType = "com.apple.product-type.application";
		};
/* End PBXNativeTarget section */

/* Begin PBXProject section */
		B490AD461EE784F00016EBD4 /* Project object */ = {
			isa = PBXProject;
			attributes = {
				LastSwiftUpdateCheck = 0830;
				LastUpgradeCheck = 0830;
				ORGANIZATIONNAME = "Will Wang";
				TargetAttributes = {
					B490AD4D1EE784F00016EBD4 = {
						CreatedOnToolsVersion = 8.3.3;
						DevelopmentTeam = N5FE8792R4;
						ProvisioningStyle = Automatic;
					};
				};
			};
			buildConfigurationList = B490AD491EE784F00016EBD4 /* Build configuration list for PBXProject "ToDoooo" */;
			compatibilityVersion = "Xcode 3.2";
			developmentRegion = English;
			hasScannedForEncodings = 0;
			knownRegions = (
				en,
				Base,
			);
			mainGroup = B490AD451EE784F00016EBD4;
			productRefGroup = B490AD4F1EE784F00016EBD4 /* Products */;
			projectDirPath = "";
			projectRoot = "";
			targets = (
				B490AD4D1EE784F00016EBD4 /* ToDoooo */,
			);
		};
/* End PBXProject section */

/* Begin PBXResourcesBuildPhase section */
		B490AD4C1EE784F00016EBD4 /* Resources */ = {
			isa = PBXResourcesBuildPhase;
			buildActionMask = 2147483647;
			files = (
				B490AD5C1EE784F00016EBD4 /* LaunchScreen.storyboard in Resources */,
				B490AD591EE784F00016EBD4 /* Assets.xcassets in Resources */,
				B490AD571EE784F00016EBD4 /* Main.storyboard in Resources */,
			);
			runOnlyForDeploymentPostprocessing = 0;
		};
/* End PBXResourcesBuildPhase section */

/* Begin PBXSourcesBuildPhase section */
		B490AD4A1EE784F00016EBD4 /* Sources */ = {
			isa = PBXSourcesBuildPhase;
			buildActionMask = 2147483647;
			files = (
				B490AD541EE784F00016EBD4 /* ViewController.swift in Sources */,
				B490AD521EE784F00016EBD4 /* AppDelegate.swift in Sources */,
			);
			runOnlyForDeploymentPostprocessing = 0;
		};
/* End PBXSourcesBuildPhase section */

/* Begin PBXVariantGroup section */
		B490AD551EE784F00016EBD4 /* Main.storyboard */ = {
			isa = PBXVariantGroup;
			children = (
				B490AD561EE784F00016EBD4 /* Base */,
			);
			name = Main.storyboard;
			sourceTree = "<group>";
		};
		B490AD5A1EE784F00016EBD4 /* LaunchScreen.storyboard */ = {
			isa = PBXVariantGroup;
			children = (
				B490AD5B1EE784F00016EBD4 /* Base */,
			);
			name = LaunchScreen.storyboard;
			sourceTree = "<group>";
		};
/* End PBXVariantGroup section */

/* Begin XCBuildConfiguration section */
		B490AD5E1EE784F00016EBD4 /* Debug */ = {
			isa = XCBuildConfiguration;
			buildSettings = {
				ALWAYS_SEARCH_USER_PATHS = NO;
				CLANG_ANALYZER_NONNULL = YES;
				CLANG_ANALYZER_NUMBER_OBJECT_CONVERSION = YES_AGGRESSIVE;
				CLANG_CXX_LANGUAGE_STANDARD = "gnu++0x";
				CLANG_CXX_LIBRARY = "libc++";
				CLANG_ENABLE_MODULES = YES;
				CLANG_ENABLE_OBJC_ARC = YES;
				CLANG_WARN_BOOL_CONVERSION = YES;
				CLANG_WARN_CONSTANT_CONVERSION = YES;
				CLANG_WARN_DIRECT_OBJC_ISA_USAGE = YES_ERROR;
				CLANG_WARN_DOCUMENTATION_COMMENTS = YES;
				CLANG_WARN_EMPTY_BODY = YES;
				CLANG_WARN_ENUM_CONVERSION = YES;
				CLANG_WARN_INFINITE_RECURSION = YES;
				CLANG_WARN_INT_CONVERSION = YES;
				CLANG_WARN_OBJC_ROOT_CLASS = YES_ERROR;
				CLANG_WARN_SUSPICIOUS_MOVE = YES;
				CLANG_WARN_UNREACHABLE_CODE = YES;
				CLANG_WARN__DUPLICATE_METHOD_MATCH = YES;
				"CODE_SIGN_IDENTITY[sdk=iphoneos*]" = "iPhone Developer";
				COPY_PHASE_STRIP = NO;
				DEBUG_INFORMATION_FORMAT = dwarf;
				ENABLE_STRICT_OBJC_MSGSEND = YES;
				ENABLE_TESTABILITY = YES;
				GCC_C_LANGUAGE_STANDARD = gnu99;
				GCC_DYNAMIC_NO_PIC = NO;
				GCC_NO_COMMON_BLOCKS = YES;
				GCC_OPTIMIZATION_LEVEL = 0;
				GCC_PREPROCESSOR_DEFINITIONS = (
					"DEBUG=1",
					"$(inherited)",
				);
				GCC_WARN_64_TO_32_BIT_CONVERSION = YES;
				GCC_WARN_ABOUT_RETURN_TYPE = YES_ERROR;
				GCC_WARN_UNDECLARED_SELECTOR = YES;
				GCC_WARN_UNINITIALIZED_AUTOS = YES_AGGRESSIVE;
				GCC_WARN_UNUSED_FUNCTION = YES;
				GCC_WARN_UNUSED_VARIABLE = YES;
				IPHONEOS_DEPLOYMENT_TARGET = 10.3;
				MTL_ENABLE_DEBUG_INFO = YES;
				ONLY_ACTIVE_ARCH = YES;
				SDKROOT = iphoneos;
				SWIFT_ACTIVE_COMPILATION_CONDITIONS = DEBUG;
				SWIFT_OPTIMIZATION_LEVEL = "-Onone";
				TARGETED_DEVICE_FAMILY = "1,2";
			};
			name = Debug;
		};
		B490AD5F1EE784F00016EBD4 /* Release */ = {
			isa = XCBuildConfiguration;
			buildSettings = {
				ALWAYS_SEARCH_USER_PATHS = NO;
				CLANG_ANALYZER_NONNULL = YES;
				CLANG_ANALYZER_NUMBER_OBJECT_CONVERSION = YES_AGGRESSIVE;
				CLANG_CXX_LANGUAGE_STANDARD = "gnu++0x";
				CLANG_CXX_LIBRARY = "libc++";
				CLANG_ENABLE_MODULES = YES;
				CLANG_ENABLE_OBJC_ARC = YES;
				CLANG_WARN_BOOL_CONVERSION = YES;
				CLANG_WARN_CONSTANT_CONVERSION = YES;
				CLANG_WARN_DIRECT_OBJC_ISA_USAGE = YES_ERROR;
				CLANG_WARN_DOCUMENTATION_COMMENTS = YES;
				CLANG_WARN_EMPTY_BODY = YES;
				CLANG_WARN_ENUM_CONVERSION = YES;
				CLANG_WARN_INFINITE_RECURSION = YES;
				CLANG_WARN_INT_CONVERSION = YES;
				CLANG_WARN_OBJC_ROOT_CLASS = YES_ERROR;
				CLANG_WARN_SUSPICIOUS_MOVE = YES;
				CLANG_WARN_UNREACHABLE_CODE = YES;
				CLANG_WARN__DUPLICATE_METHOD_MATCH = YES;
				"CODE_SIGN_IDENTITY[sdk=iphoneos*]" = "iPhone Developer";
				COPY_PHASE_STRIP = NO;
				DEBUG_INFORMATION_FORMAT = "dwarf-with-dsym";
				ENABLE_NS_ASSERTIONS = NO;
				ENABLE_STRICT_OBJC_MSGSEND = YES;
				GCC_C_LANGUAGE_STANDARD = gnu99;
				GCC_NO_COMMON_BLOCKS = YES;
				GCC_WARN_64_TO_32_BIT_CONVERSION = YES;
				GCC_WARN_ABOUT_RETURN_TYPE = YES_ERROR;
				GCC_WARN_UNDECLARED_SELECTOR = YES;
				GCC_WARN_UNINITIALIZED_AUTOS = YES_AGGRESSIVE;
				GCC_WARN_UNUSED_FUNCTION = YES;
				GCC_WARN_UNUSED_VARIABLE = YES;
				IPHONEOS_DEPLOYMENT_TARGET = 10.3;
				MTL_ENABLE_DEBUG_INFO = NO;
				SDKROOT = iphoneos;
				SWIFT_OPTIMIZATION_LEVEL = "-Owholemodule";
				TARGETED_DEVICE_FAMILY = "1,2";
				VALIDATE_PRODUCT = YES;
			};
			name = Release;
		};
		B490AD611EE784F00016EBD4 /* Debug */ = {
			isa = XCBuildConfiguration;
			buildSettings = {
				ASSETCATALOG_COMPILER_APPICON_NAME = AppIcon;
				DEVELOPMENT_TEAM = N5FE8792R4;
				INFOPLIST_FILE = ToDoooo/Info.plist;
				LD_RUNPATH_SEARCH_PATHS = "$(inherited) @executable_path/Frameworks";
				PRODUCT_BUNDLE_IDENTIFIER = com.willwang.ToDoooo;
				PRODUCT_NAME = "$(TARGET_NAME)";
				SWIFT_VERSION = 3.0;
			};
			name = Debug;
		};
		B490AD621EE784F00016EBD4 /* Release */ = {
			isa = XCBuildConfiguration;
			buildSettings = {
				ASSETCATALOG_COMPILER_APPICON_NAME = AppIcon;
				DEVELOPMENT_TEAM = N5FE8792R4;
				INFOPLIST_FILE = ToDoooo/Info.plist;
				LD_RUNPATH_SEARCH_PATHS = "$(inherited) @executable_path/Frameworks";
				PRODUCT_BUNDLE_IDENTIFIER = com.willwang.ToDoooo;
				PRODUCT_NAME = "$(TARGET_NAME)";
				SWIFT_VERSION = 3.0;
			};
			name = Release;
		};
/* End XCBuildConfiguration section */

/* Begin XCConfigurationList section */
		B490AD491EE784F00016EBD4 /* Build configuration list for PBXProject "ToDoooo" */ = {
			isa = XCConfigurationList;
			buildConfigurations = (
				B490AD5E1EE784F00016EBD4 /* Debug */,
				B490AD5F1EE784F00016EBD4 /* Release */,
			);
			defaultConfigurationIsVisible = 0;
			defaultConfigurationName = Release;
		};
		B490AD601EE784F00016EBD4 /* Build configuration list for PBXNativeTarget "ToDoooo" */ = {
			isa = XCConfigurationList;
			buildConfigurations = (
				B490AD611EE784F00016EBD4 /* Debug */,
				B490AD621EE784F00016EBD4 /* Release */,
			);
			defaultConfigurationIsVisible = 0;
		};
/* End XCConfigurationList section */
	};
	rootObject = B490AD461EE784F00016EBD4 /* Project object */;
}
